
Microsoft Visual Studio Solution File, Format Version 12.00
# Visual Studio 15
VisualStudioVersion = 15.0.28307.106
MinimumVisualStudioVersion = 10.0.40219.1
Project("{FAE04EC0-301F-11D3-BF4B-00C04F79EFBC}") = "Vue", "WindowsFormsApp2\Vue.csproj", "{148067F8-EEC5-43AB-8FE1-BA53137BFBBB}"
EndProject
Project("{FAE04EC0-301F-11D3-BF4B-00C04F79EFBC}") = "Tests", "UnitTestProject1\Tests.csproj", "{7C4219B0-F67B-4263-8513-14D7429FF732}"
EndProject
Project("{FAE04EC0-301F-11D3-BF4B-00C04F79EFBC}") = "Métiers", "ConsoleApp1\Métiers.csproj", "{A38AAD39-66C6-47DA-B8BB-7479B129D255}"
EndProject
Global
	GlobalSection(SolutionConfigurationPlatforms) = preSolution
		Debug|Any CPU = Debug|Any CPU
		Release|Any CPU = Release|Any CPU
	EndGlobalSection
	GlobalSection(ProjectConfigurationPlatforms) = postSolution
		{148067F8-EEC5-43AB-8FE1-BA53137BFBBB}.Debug|Any CPU.ActiveCfg = Debug|Any CPU
		{148067F8-EEC5-43AB-8FE1-BA53137BFBBB}.Debug|Any CPU.Build.0 = Debug|Any CPU
		{148067F8-EEC5-43AB-8FE1-BA53137BFBBB}.Release|Any CPU.ActiveCfg = Release|Any CPU
		{148067F8-EEC5-43AB-8FE1-BA53137BFBBB}.Release|Any CPU.Build.0 = Release|Any CPU
		{7C4219B0-F67B-4263-8513-14D7429FF732}.Debug|Any CPU.ActiveCfg = Debug|Any CPU
		{7C4219B0-F67B-4263-8513-14D7429FF732}.Debug|Any CPU.Build.0 = Debug|Any CPU
		{7C4219B0-F67B-4263-8513-14D7429FF732}.Release|Any CPU.ActiveCfg = Release|Any CPU
		{7C4219B0-F67B-4263-8513-14D7429FF732}.Release|Any CPU.Build.0 = Release|Any CPU
		{A38AAD39-66C6-47DA-B8BB-7479B129D255}.Debug|Any CPU.ActiveCfg = Debug|Any CPU
		{A38AAD39-66C6-47DA-B8BB-7479B129D255}.Debug|Any CPU.Build.0 = Debug|Any CPU
		{A38AAD39-66C6-47DA-B8BB-7479B129D255}.Release|Any CPU.ActiveCfg = Release|Any CPU
		{A38AAD39-66C6-47DA-B8BB-7479B129D255}.Release|Any CPU.Build.0 = Release|Any CPU
	EndGlobalSection
	GlobalSection(SolutionProperties) = preSolution
		HideSolutionNode = FALSE
	EndGlobalSection
	GlobalSection(ExtensibilityGlobals) = postSolution
		SolutionGuid = {B0EFECD3-D169-47AA-AE64-22C62F54987F}
	EndGlobalSection
EndGlobal
